
Microsoft Visual Studio Solution File, Format Version 12.00
# Visual Studio Version 17
VisualStudioVersion = 17.6.33829.357
MinimumVisualStudioVersion = 10.0.40219.1
Project("{FAE04EC0-301F-11D3-BF4B-00C04F79EFBC}") = "WebApp_test1", "WebApp_test1\WebApp_test1.csproj", "{FE7C7DA8-EC7E-4DFD-896D-5ECCB44959BA}"
EndProject
Global
	GlobalSection(SolutionConfigurationPlatforms) = preSolution
		Debug|Any CPU = Debug|Any CPU
		Release|Any CPU = Release|Any CPU
	EndGlobalSection
	GlobalSection(ProjectConfigurationPlatforms) = postSolution
		{FE7C7DA8-EC7E-4DFD-896D-5ECCB44959BA}.Debug|Any CPU.ActiveCfg = Debug|Any CPU
		{FE7C7DA8-EC7E-4DFD-896D-5ECCB44959BA}.Debug|Any CPU.Build.0 = Debug|Any CPU
		{FE7C7DA8-EC7E-4DFD-896D-5ECCB44959BA}.Release|Any CPU.ActiveCfg = Release|Any CPU
		{FE7C7DA8-EC7E-4DFD-896D-5ECCB44959BA}.Release|Any CPU.Build.0 = Release|Any CPU
	EndGlobalSection
	GlobalSection(SolutionProperties) = preSolution
		HideSolutionNode = FALSE
	EndGlobalSection
	GlobalSection(ExtensibilityGlobals) = postSolution
		SolutionGuid = {4C4305C2-9250-47EA-8831-67D08BB32B6B}
	EndGlobalSection
EndGlobal
